
Microsoft Visual Studio Solution File, Format Version 12.00
# Visual Studio Version 17
VisualStudioVersion = 17.9.34902.65
MinimumVisualStudioVersion = 10.0.40219.1
Project("{9A19103F-16F7-4668-BE54-9A1E7A4F7556}") = "E-Commerce.web", "E-Commerce\E-Commerce.web.csproj", "{8DF92319-288E-4063-958B-D2462DE08999}"
EndProject
Project("{FAE04EC0-301F-11D3-BF4B-00C04F79EFBC}") = "E_Commerce.Application", "E-Commerce.Application\E_Commerce.Application.csproj", "{F1B6D354-8243-4557-BE89-8AF410EB5C68}"
EndProject
Project("{FAE04EC0-301F-11D3-BF4B-00C04F79EFBC}") = "E_Commerce.Domain", "E-Commerce.Domain\E_Commerce.Domain.csproj", "{B88282BE-CB21-407F-961E-0FF56A8735B0}"
EndProject
Project("{FAE04EC0-301F-11D3-BF4B-00C04F79EFBC}") = "E_Commerce.Infrastructure", "E-Commerce.Infrastructure\E_Commerce.Infrastructure.csproj", "{576E3BA7-8414-406F-832C-4B91BC7D4C7B}"
EndProject
Global
	GlobalSection(SolutionConfigurationPlatforms) = preSolution
		Debug|Any CPU = Debug|Any CPU
		Release|Any CPU = Release|Any CPU
	EndGlobalSection
	GlobalSection(ProjectConfigurationPlatforms) = postSolution
		{8DF92319-288E-4063-958B-D2462DE08999}.Debug|Any CPU.ActiveCfg = Debug|Any CPU
		{8DF92319-288E-4063-958B-D2462DE08999}.Debug|Any CPU.Build.0 = Debug|Any CPU
		{8DF92319-288E-4063-958B-D2462DE08999}.Release|Any CPU.ActiveCfg = Release|Any CPU
		{8DF92319-288E-4063-958B-D2462DE08999}.Release|Any CPU.Build.0 = Release|Any CPU
		{F1B6D354-8243-4557-BE89-8AF410EB5C68}.Debug|Any CPU.ActiveCfg = Debug|Any CPU
		{F1B6D354-8243-4557-BE89-8AF410EB5C68}.Debug|Any CPU.Build.0 = Debug|Any CPU
		{F1B6D354-8243-4557-BE89-8AF410EB5C68}.Release|Any CPU.ActiveCfg = Release|Any CPU
		{F1B6D354-8243-4557-BE89-8AF410EB5C68}.Release|Any CPU.Build.0 = Release|Any CPU
		{B88282BE-CB21-407F-961E-0FF56A8735B0}.Debug|Any CPU.ActiveCfg = Debug|Any CPU
		{B88282BE-CB21-407F-961E-0FF56A8735B0}.Debug|Any CPU.Build.0 = Debug|Any CPU
		{B88282BE-CB21-407F-961E-0FF56A8735B0}.Release|Any CPU.ActiveCfg = Release|Any CPU
		{B88282BE-CB21-407F-961E-0FF56A8735B0}.Release|Any CPU.Build.0 = Release|Any CPU
		{576E3BA7-8414-406F-832C-4B91BC7D4C7B}.Debug|Any CPU.ActiveCfg = Debug|Any CPU
		{576E3BA7-8414-406F-832C-4B91BC7D4C7B}.Debug|Any CPU.Build.0 = Debug|Any CPU
		{576E3BA7-8414-406F-832C-4B91BC7D4C7B}.Release|Any CPU.ActiveCfg = Release|Any CPU
		{576E3BA7-8414-406F-832C-4B91BC7D4C7B}.Release|Any CPU.Build.0 = Release|Any CPU
	EndGlobalSection
	GlobalSection(SolutionProperties) = preSolution
		HideSolutionNode = FALSE
	EndGlobalSection
	GlobalSection(ExtensibilityGlobals) = postSolution
		SolutionGuid = {8098D14C-37C5-43D9-A662-9F0587E34A62}
	EndGlobalSection
EndGlobal
